{
  "name": "TapTalk II",
  "lockfileVersion": 3,
  "requires": true,
  "packages": {
    "": {
      "dependencies": {
        "browser-use-sdk": "^3.4.3"
      }
    },
    "node_modules/browser-use-sdk": {
      "version": "3.4.3",
      "resolved": "https://registry.npmjs.org/browser-use-sdk/-/browser-use-sdk-3.4.3.tgz",
      "integrity": "sha512-4z4sVHCfboa4zq3a+wcdbhG9yhQH5drRaOuWeHwpZnBGwDdpGmyNnHDvbufFPtTJves8fvgbV10oGjRRdeU1yg==",
      "license": "MIT",
      "dependencies": {
        "dotenv": "^17.2.4",
        "zod": "^4.3.6"
      }
    },
    "node_modules/dotenv": {
      "version": "17.4.2",
      "resolved": "https://registry.npmjs.org/dotenv/-/dotenv-17.4.2.tgz",
      "integrity": "sha512-nI4U3TottKAcAD9LLud4Cb7b2QztQMUEfHbvhTH09bqXTxnSie8WnjPALV/WMCrJZ6UV/qHJ6L03OqO3LcdYZw==",
      "license": "BSD-2-Clause",
      "engines": {
        "node": ">=12"
      },
      "funding": {
        "url": "https://dotenvx.com"
      }
    },
    "node_modules/zod": {
      "version": "4.3.6",
      "resolved": "https://registry.npmjs.org/zod/-/zod-4.3.6.tgz",
      "integrity": "sha512-rftlrkhHZOcjDwkGlnUtZZkvaPHCsDATp4pGpuOOMDaTdDDXF91wuVDJoWoPsKX/3YPQ5fHuF3STjcYyKr+Qhg==",
      "license": "MIT",
      "funding": {
        "url": "https://github.com/sponsors/colinhacks"
      }
    }
  }
}
